
Microsoft Visual Studio Solution File, Format Version 12.00
# Visual Studio Version 17
VisualStudioVersion = 17.0.31808.319
MinimumVisualStudioVersion = 10.0.40219.1
Project("{FAE04EC0-301F-11D3-BF4B-00C04F79EFBC}") = "wpf4", "wpf4\wpf4.csproj", "{5A34AA80-7CE9-4DC8-B647-27E8D45432D7}"
EndProject
Global
	GlobalSection(SolutionConfigurationPlatforms) = preSolution
		Debug|Any CPU = Debug|Any CPU
		Release|Any CPU = Release|Any CPU
	EndGlobalSection
	GlobalSection(ProjectConfigurationPlatforms) = postSolution
		{5A34AA80-7CE9-4DC8-B647-27E8D45432D7}.Debug|Any CPU.ActiveCfg = Debug|Any CPU
		{5A34AA80-7CE9-4DC8-B647-27E8D45432D7}.Debug|Any CPU.Build.0 = Debug|Any CPU
		{5A34AA80-7CE9-4DC8-B647-27E8D45432D7}.Release|Any CPU.ActiveCfg = Release|Any CPU
		{5A34AA80-7CE9-4DC8-B647-27E8D45432D7}.Release|Any CPU.Build.0 = Release|Any CPU
	EndGlobalSection
	GlobalSection(SolutionProperties) = preSolution
		HideSolutionNode = FALSE
	EndGlobalSection
	GlobalSection(ExtensibilityGlobals) = postSolution
		SolutionGuid = {F7E778CE-3758-47FB-A7FA-892321B6EB06}
	EndGlobalSection
EndGlobal
